// !$*UTF8*$!
{
	archiveVersion = 1;
	classes = {
	};
	objectVersion = 46;
	objects = {

/* Begin PBXBuildFile section */
		9429217D1A41A30A005316B8 /* test_lexer.cpp in Sources */ = {isa = PBXBuildFile; fileRef = 9429217C1A41A30A005316B8 /* test_lexer.cpp */; };
/* End PBXBuildFile section */

/* Begin PBXCopyFilesBuildPhase section */
		942921701A41A2F8005316B8 /* CopyFiles */ = {
			isa = PBXCopyFilesBuildPhase;
			buildActionMask = 2147483647;
			dstPath = /usr/share/man/man1/;
			dstSubfolderSpec = 0;
			files = (
			);
			runOnlyForDeploymentPostprocessing = 1;
		};
/* End PBXCopyFilesBuildPhase section */

/* Begin PBXFileReference section */
		942921721A41A2F8005316B8 /* skeleton-lang */ = {isa = PBXFileReference; explicitFileType = "compiled.mach-o.executable"; includeInIndex = 0; path = "skeleton-lang"; sourceTree = BUILT_PRODUCTS_DIR; };
		9429217C1A41A30A005316B8 /* test_lexer.cpp */ = {isa = PBXFileReference; fileEncoding = 4; lastKnownFileType = sourcecode.cpp.cpp; name = test_lexer.cpp; path = ../../source/test_programs/test_lexer.cpp; sourceTree = "<group>"; };
		9429217E1A41A8F1005316B8 /* lexer.h */ = {isa = PBXFileReference; lastKnownFileType = sourcecode.c.h; name = lexer.h; path = ../../source/lexer.h; sourceTree = "<group>"; };
		9429217F1A41A8F1005316B8 /* string_view.h */ = {isa = PBXFileReference; lastKnownFileType = sourcecode.c.h; name = string_view.h; path = ../../source/string_view.h; sourceTree = "<group>"; };
/* End PBXFileReference section */

/* Begin PBXFrameworksBuildPhase section */
		9429216F1A41A2F8005316B8 /* Frameworks */ = {
			isa = PBXFrameworksBuildPhase;
			buildActionMask = 2147483647;
			files = (
			);
			runOnlyForDeploymentPostprocessing = 0;
		};
/* End PBXFrameworksBuildPhase section */

/* Begin PBXGroup section */
		942921691A41A2F8005316B8 = {
			isa = PBXGroup;
			children = (
				942921741A41A2F8005316B8 /* skeleton-lang */,
				9429217C1A41A30A005316B8 /* test_lexer.cpp */,
				9429217E1A41A8F1005316B8 /* lexer.h */,
				9429217F1A41A8F1005316B8 /* string_view.h */,
				942921731A41A2F8005316B8 /* Products */,
			);
			sourceTree = "<group>";
		};
		942921731A41A2F8005316B8 /* Products */ = {
			isa = PBXGroup;
			children = (
				942921721A41A2F8005316B8 /* skeleton-lang */,
			);
			name = Products;
			sourceTree = "<group>";
		};
		942921741A41A2F8005316B8 /* skeleton-lang */ = {
			isa = PBXGroup;
			children = (
			);
			path = "skeleton-lang";
			sourceTree = "<group>";
		};
/* End PBXGroup section */

/* Begin PBXNativeTarget section */
		942921711A41A2F8005316B8 /* skeleton-lang */ = {
			isa = PBXNativeTarget;
			buildConfigurationList = 942921791A41A2F8005316B8 /* Build configuration list for PBXNativeTarget "skeleton-lang" */;
			buildPhases = (
				9429216E1A41A2F8005316B8 /* Sources */,
				9429216F1A41A2F8005316B8 /* Frameworks */,
				942921701A41A2F8005316B8 /* CopyFiles */,
			);
			buildRules = (
			);
			dependencies = (
			);
			name = "skeleton-lang";
			productName = "skeleton-lang";
			productReference = 942921721A41A2F8005316B8 /* skeleton-lang */;
			productType = "com.apple.product-type.tool";
		};
/* End PBXNativeTarget section */

/* Begin PBXProject section */
		9429216A1A41A2F8005316B8 /* Project object */ = {
			isa = PBXProject;
			attributes = {
				LastUpgradeCheck = 0610;
				ORGANIZATIONNAME = Centipeak;
				TargetAttributes = {
					942921711A41A2F8005316B8 = {
						CreatedOnToolsVersion = 6.1.1;
					};
				};
			};
			buildConfigurationList = 9429216D1A41A2F8005316B8 /* Build configuration list for PBXProject "skeleton-lang" */;
			compatibilityVersion = "Xcode 3.2";
			developmentRegion = English;
			hasScannedForEncodings = 0;
			knownRegions = (
				en,
			);
			mainGroup = 942921691A41A2F8005316B8;
			productRefGroup = 942921731A41A2F8005316B8 /* Products */;
			projectDirPath = "";
			projectRoot = "";
			targets = (
				942921711A41A2F8005316B8 /* skeleton-lang */,
			);
		};
/* End PBXProject section */

/* Begin PBXSourcesBuildPhase section */
		9429216E1A41A2F8005316B8 /* Sources */ = {
			isa = PBXSourcesBuildPhase;
			buildActionMask = 2147483647;
			files = (
				9429217D1A41A30A005316B8 /* test_lexer.cpp in Sources */,
			);
			runOnlyForDeploymentPostprocessing = 0;
		};
/* End PBXSourcesBuildPhase section */

/* Begin XCBuildConfiguration section */
		942921771A41A2F8005316B8 /* Debug */ = {
			isa = XCBuildConfiguration;
			buildSettings = {
				ALWAYS_SEARCH_USER_PATHS = NO;
				CLANG_CXX_LANGUAGE_STANDARD = "gnu++0x";
				CLANG_CXX_LIBRARY = "libc++";
				CLANG_ENABLE_MODULES = YES;
				CLANG_ENABLE_OBJC_ARC = YES;
				CLANG_WARN_BOOL_CONVERSION = YES;
				CLANG_WARN_CONSTANT_CONVERSION = YES;
				CLANG_WARN_DIRECT_OBJC_ISA_USAGE = YES_ERROR;
				CLANG_WARN_EMPTY_BODY = YES;
				CLANG_WARN_ENUM_CONVERSION = YES;
				CLANG_WARN_INT_CONVERSION = YES;
				CLANG_WARN_OBJC_ROOT_CLASS = YES_ERROR;
				CLANG_WARN_UNREACHABLE_CODE = YES;
				CLANG_WARN__DUPLICATE_METHOD_MATCH = YES;
				COPY_PHASE_STRIP = NO;
				ENABLE_STRICT_OBJC_MSGSEND = YES;
				GCC_C_LANGUAGE_STANDARD = gnu99;
				GCC_DYNAMIC_NO_PIC = NO;
				GCC_OPTIMIZATION_LEVEL = 0;
				GCC_PREPROCESSOR_DEFINITIONS = (
					"DEBUG=1",
					"$(inherited)",
				);
				GCC_SYMBOLS_PRIVATE_EXTERN = NO;
				GCC_WARN_64_TO_32_BIT_CONVERSION = YES;
				GCC_WARN_ABOUT_RETURN_TYPE = YES_ERROR;
				GCC_WARN_UNDECLARED_SELECTOR = YES;
				GCC_WARN_UNINITIALIZED_AUTOS = YES_AGGRESSIVE;
				GCC_WARN_UNUSED_FUNCTION = YES;
				GCC_WARN_UNUSED_VARIABLE = YES;
				MACOSX_DEPLOYMENT_TARGET = 10.10;
				MTL_ENABLE_DEBUG_INFO = YES;
				ONLY_ACTIVE_ARCH = YES;
				SDKROOT = macosx;
			};
			name = Debug;
		};
		942921781A41A2F8005316B8 /* Release */ = {
			isa = XCBuildConfiguration;
			buildSettings = {
				ALWAYS_SEARCH_USER_PATHS = NO;
				CLANG_CXX_LANGUAGE_STANDARD = "gnu++0x";
				CLANG_CXX_LIBRARY = "libc++";
				CLANG_ENABLE_MODULES = YES;
				CLANG_ENABLE_OBJC_ARC = YES;
				CLANG_WARN_BOOL_CONVERSION = YES;
				CLANG_WARN_CONSTANT_CONVERSION = YES;
				CLANG_WARN_DIRECT_OBJC_ISA_USAGE = YES_ERROR;
				CLANG_WARN_EMPTY_BODY = YES;
				CLANG_WARN_ENUM_CONVERSION = YES;
				CLANG_WARN_INT_CONVERSION = YES;
				CLANG_WARN_OBJC_ROOT_CLASS = YES_ERROR;
				CLANG_WARN_UNREACHABLE_CODE = YES;
				CLANG_WARN__DUPLICATE_METHOD_MATCH = YES;
				COPY_PHASE_STRIP = YES;
				DEBUG_INFORMATION_FORMAT = "dwarf-with-dsym";
				ENABLE_NS_ASSERTIONS = NO;
				ENABLE_STRICT_OBJC_MSGSEND = YES;
				GCC_C_LANGUAGE_STANDARD = gnu99;
				GCC_WARN_64_TO_32_BIT_CONVERSION = YES;
				GCC_WARN_ABOUT_RETURN_TYPE = YES_ERROR;
				GCC_WARN_UNDECLARED_SELECTOR = YES;
				GCC_WARN_UNINITIALIZED_AUTOS = YES_AGGRESSIVE;
				GCC_WARN_UNUSED_FUNCTION = YES;
				GCC_WARN_UNUSED_VARIABLE = YES;
				MACOSX_DEPLOYMENT_TARGET = 10.10;
				MTL_ENABLE_DEBUG_INFO = NO;
				SDKROOT = macosx;
			};
			name = Release;
		};
		9429217A1A41A2F8005316B8 /* Debug */ = {
			isa = XCBuildConfiguration;
			buildSettings = {
				PRODUCT_NAME = "$(TARGET_NAME)";
			};
			name = Debug;
		};
		9429217B1A41A2F8005316B8 /* Release */ = {
			isa = XCBuildConfiguration;
			buildSettings = {
				PRODUCT_NAME = "$(TARGET_NAME)";
			};
			name = Release;
		};
/* End XCBuildConfiguration section */

/* Begin XCConfigurationList section */
		9429216D1A41A2F8005316B8 /* Build configuration list for PBXProject "skeleton-lang" */ = {
			isa = XCConfigurationList;
			buildConfigurations = (
				942921771A41A2F8005316B8 /* Debug */,
				942921781A41A2F8005316B8 /* Release */,
			);
			defaultConfigurationIsVisible = 0;
			defaultConfigurationName = Release;
		};
		942921791A41A2F8005316B8 /* Build configuration list for PBXNativeTarget "skeleton-lang" */ = {
			isa = XCConfigurationList;
			buildConfigurations = (
				9429217A1A41A2F8005316B8 /* Debug */,
				9429217B1A41A2F8005316B8 /* Release */,
			);
			defaultConfigurationIsVisible = 0;
		};
/* End XCConfigurationList section */
	};
	rootObject = 9429216A1A41A2F8005316B8 /* Project object */;
}
